lockfileVersion: '9.0'

settings:
  autoInstallPeers: true
  excludeLinksFromLockfile: false

importers:

  .:
    dependencies:
      axios:
        specifier: ^1.7.8
        version: 1.7.8
      cheerio:
        specifier: ^1.0.0
        version: 1.0.0
      discord.js:
        specifier: ^14.16.3
        version: 14.16.3
      dotenv:
        specifier: ^16.4.5
        version: 16.4.5
      firebase:
        specifier: ^11.0.2
        version: 11.0.2
      node-schedule:
        specifier: ^2.1.1
        version: 2.1.1

packages:

  '@discordjs/builders@1.9.0':
    resolution: {integrity: sha512-0zx8DePNVvQibh5ly5kCEei5wtPBIUbSoE9n+91Rlladz4tgtFbJ36PZMxxZrTEOQ7AHMZ/b0crT/0fCy6FTKg==}
    engines: {node: '>=18'}

  '@discordjs/collection@1.5.3':
    resolution: {integrity: sha512-SVb428OMd3WO1paV3rm6tSjM4wC+Kecaa1EUGX7vc6/fddvw/6lg90z4QtCqm21zvVe92vMMDt9+DkIvjXImQQ==}
    engines: {node: '>=16.11.0'}

  '@discordjs/collection@2.1.1':
    resolution: {integrity: sha512-LiSusze9Tc7qF03sLCujF5iZp7K+vRNEDBZ86FT9aQAv3vxMLihUvKvpsCWiQ2DJq1tVckopKm1rxomgNUc9hg==}
    engines: {node: '>=18'}

  '@discordjs/formatters@0.5.0':
    resolution: {integrity: sha512-98b3i+Y19RFq1Xke4NkVY46x8KjJQjldHUuEbCqMvp1F5Iq9HgnGpu91jOi/Ufazhty32eRsKnnzS8n4c+L93g==}
    engines: {node: '>=18'}

  '@discordjs/rest@2.4.0':
    resolution: {integrity: sha512-Xb2irDqNcq+O8F0/k/NaDp7+t091p+acb51iA4bCKfIn+WFWd6HrNvcsSbMMxIR9NjcMZS6NReTKygqiQN+ntw==}
    engines: {node: '>=18'}

  '@discordjs/util@1.1.1':
    resolution: {integrity: sha512-eddz6UnOBEB1oITPinyrB2Pttej49M9FZQY8NxgEvc3tq6ZICZ19m70RsmzRdDHk80O9NoYN/25AqJl8vPVf/g==}
    engines: {node: '>=18'}

  '@discordjs/ws@1.1.1':
    resolution: {integrity: sha512-PZ+vLpxGCRtmr2RMkqh8Zp+BenUaJqlS6xhgWKEZcgC/vfHLEzpHtKkB0sl3nZWpwtcKk6YWy+pU3okL2I97FA==}
    engines: {node: '>=16.11.0'}

  '@firebase/analytics-compat@0.2.16':
    resolution: {integrity: sha512-Q/s+u/TEMSb2EDJFQMGsOzpSosybBl8HuoSEMyGZ99+0Pu7SIR9MPDGUjc8PKiCFQWDJ3QXxgqh1d/rujyAMbA==}
    peerDependencies:
      '@firebase/app-compat': 0.x

  '@firebase/analytics-types@0.8.3':
    resolution: {integrity: sha512-VrIp/d8iq2g501qO46uGz3hjbDb8xzYMrbu8Tp0ovzIzrvJZ2fvmj649gTjge/b7cCCcjT0H37g1gVtlNhnkbg==}

  '@firebase/analytics@0.10.10':
    resolution: {integrity: sha512-Psdo7c9g2SLAYh6u1XRA+RZ7ab2JfBVuAt/kLzXkhKZL/gS2cQUCMsOW5p0RIlDPRKqpdNSmvujd2TeRWLKOkQ==}
    peerDependencies:
      '@firebase/app': 0.x

  '@firebase/app-check-compat@0.3.17':
    resolution: {integrity: sha512-a/eadrGsY0MVCBPhrNbKUhoYpms4UKTYLKO7nswwSFVsm3Rw6NslQQCNLfvljcDqP4E7alQDRGJXjkxd/5gJ+Q==}
    engines: {node: '>=18.0.0'}
    peerDependencies:
      '@firebase/app-compat': 0.x

  '@firebase/app-check-interop-types@0.3.3':
    resolution: {integrity: sha512-gAlxfPLT2j8bTI/qfe3ahl2I2YcBQ8cFIBdhAQA4I2f3TndcO+22YizyGYuttLHPQEpWkhmpFW60VCFEPg4g5A==}

  '@firebase/app-check-types@0.5.3':
    resolution: {integrity: sha512-hyl5rKSj0QmwPdsAxrI5x1otDlByQ7bvNvVt8G/XPO2CSwE++rmSVf3VEhaeOR4J8ZFaF0Z0NDSmLejPweZ3ng==}

  '@firebase/app-check@0.8.10':
    resolution: {integrity: sha512-DWFfxxif/t+Ow4MmRUevDX+A3hVxm1rUf6y5ZP4sIomfnVCO1NNahqtsv9rb1/tKGkTeoVT40weiTS/WjQG1mA==}
    engines: {node: '>=18.0.0'}
    peerDependencies:
      '@firebase/app': 0.x

  '@firebase/app-compat@0.2.46':
    resolution: {integrity: sha512-9hSHWE5LMqtKIm13CnH5OZeMPbkVV3y5vgNZ5EMFHcG2ceRrncyNjG9No5XfWQw8JponZdGs4HlE4aMD/jxcFA==}
    engines: {node: '>=18.0.0'}

  '@firebase/app-types@0.9.3':
    resolution: {integrity: sha512-kRVpIl4vVGJ4baogMDINbyrIOtOxqhkZQg4jTq3l8Lw6WSk0xfpEYzezFu+Kl4ve4fbPl79dvwRtaFqAC/ucCw==}

  '@firebase/app@0.10.16':
    resolution: {integrity: sha512-SUati2qH48gvVGnSsqMkZr1Iq7No52a3tJQ4itboSTM89Erezmw3v1RsfVymrDze9+KiOLmBpvLNKSvheITFjg==}
    engines: {node: '>=18.0.0'}

  '@firebase/auth-compat@0.5.16':
    resolution: {integrity: sha512-YlYwJMBqAyv0ESy3jDUyshMhZlbUiwAm6B6+uUmigNDHU+uq7j4SFiDJEZlFFIz397yBzKn06SUdqutdQzGnCA==}
    engines: {node: '>=18.0.0'}
    peerDependencies:
      '@firebase/app-compat': 0.x

  '@firebase/auth-interop-types@0.2.4':
    resolution: {integrity: sha512-JPgcXKCuO+CWqGDnigBtvo09HeBs5u/Ktc2GaFj2m01hLarbxthLNm7Fk8iOP1aqAtXV+fnnGj7U28xmk7IwVA==}

  '@firebase/auth-types@0.12.3':
    resolution: {integrity: sha512-Zq9zI0o5hqXDtKg6yDkSnvMCMuLU6qAVS51PANQx+ZZX5xnzyNLEBO3GZgBUPsV5qIMFhjhqmLDxUqCbnAYy2A==}
    peerDependencies:
      '@firebase/app-types': 0.x
      '@firebase/util': 1.x

  '@firebase/auth@1.8.1':
    resolution: {integrity: sha512-LX9N/Cf5Z35r5yqm2+5M3+2bRRe/+RFaa/+u4HDni7TA27C/Xm4XHLKcWcLg1BzjrS4zngSaBEOSODvp6RFOqQ==}
    engines: {node: '>=18.0.0'}
    peerDependencies:
      '@firebase/app': 0.x
      '@react-native-async-storage/async-storage': ^1.18.1
    peerDependenciesMeta:
      '@react-native-async-storage/async-storage':
        optional: true

  '@firebase/component@0.6.11':
    resolution: {integrity: sha512-eQbeCgPukLgsKD0Kw5wQgsMDX5LeoI1MIrziNDjmc6XDq5ZQnuUymANQgAb2wp1tSF9zDSXyxJmIUXaKgN58Ug==}
    engines: {node: '>=18.0.0'}

  '@firebase/data-connect@0.1.2':
    resolution: {integrity: sha512-Bcf29mntFCt5V7aceMe36wnkHrG7cwbMlUVbDHOlh2foQKx9VtSXEONw9r6FtL1sFobHVYOM5L6umX35f59m5g==}
    peerDependencies:
      '@firebase/app': 0.x

  '@firebase/database-compat@2.0.1':
    resolution: {integrity: sha512-IsFivOjdE1GrjTeKoBU/ZMenESKDXidFDzZzHBPQ/4P20ptGdrl3oLlWrV/QJqJ9lND4IidE3z4Xr5JyfUW1vg==}
    engines: {node: '>=18.0.0'}

  '@firebase/database-types@1.0.7':
    resolution: {integrity: sha512-I7zcLfJXrM0WM+ksFmFdAMdlq/DFmpeMNa+/GNsLyFo5u/lX5zzkPzGe3srVWqaBQBY5KprylDGxOsP6ETfL0A==}

  '@firebase/database@1.0.10':
    resolution: {integrity: sha512-sWp2g92u7xT4BojGbTXZ80iaSIaL6GAL0pwvM0CO/hb0nHSnABAqsH7AhnWGsGvXuEvbPr7blZylPaR9J+GSuQ==}
    engines: {node: '>=18.0.0'}

  '@firebase/firestore-compat@0.3.40':
    resolution: {integrity: sha512-18HopMN811KYBc9Ptpr1Rewwio0XF09FF3jc5wtV6rGyAs815SlFFw5vW7ZeLd43zv9tlEc2FzM0H+5Vr9ZRxw==}
    engines: {node: '>=18.0.0'}
    peerDependencies:
      '@firebase/app-compat': 0.x

  '@firebase/firestore-types@3.0.3':
    resolution: {integrity: sha512-hD2jGdiWRxB/eZWF89xcK9gF8wvENDJkzpVFb4aGkzfEaKxVRD1kjz1t1Wj8VZEp2LCB53Yx1zD8mrhQu87R6Q==}
    peerDependencies:
      '@firebase/app-types': 0.x
      '@firebase/util': 1.x

  '@firebase/firestore@4.7.5':
    resolution: {integrity: sha512-OO3rHvjC07jL2ITN255xH/UzCVSvh6xG8oTzQdFScQvFbcm1fjCL1hgAdpDZcx3vVcKMV+6ktr8wbllkB8r+FQ==}
    engines: {node: '>=18.0.0'}
    peerDependencies:
      '@firebase/app': 0.x

  '@firebase/functions-compat@0.3.16':
    resolution: {integrity: sha512-FL7EXehiiBisNIR7mlb0i+moyWKLVfcEJgh/Wq6ZV6BdrCObpCTz7w5EvuRIEFX5e9cNL2oWInKg8S5X4HtINg==}
    engines: {node: '>=18.0.0'}
    peerDependencies:
      '@firebase/app-compat': 0.x

  '@firebase/functions-types@0.6.3':
    resolution: {integrity: sha512-EZoDKQLUHFKNx6VLipQwrSMh01A1SaL3Wg6Hpi//x6/fJ6Ee4hrAeswK99I5Ht8roiniKHw4iO0B1Oxj5I4plg==}

  '@firebase/functions@0.11.10':
    resolution: {integrity: sha512-TP+Dzebazhw6+GduBdWn1kOJRFH84G2z+BW3pNVfkpFRkc//+uT1Uw2+dLpMGSSBRG7FrcDG91vcPnOFCzr15w==}
    engines: {node: '>=18.0.0'}
    peerDependencies:
      '@firebase/app': 0.x

  '@firebase/installations-compat@0.2.11':
    resolution: {integrity: sha512-SHRgw5LTa6v8LubmJZxcOCwEd1MfWQPUtKdiuCx2VMWnapX54skZd1PkQg0K4l3k+4ujbI2cn7FE6Li9hbChBw==}
    peerDependencies:
      '@firebase/app-compat': 0.x

  '@firebase/installations-types@0.5.3':
    resolution: {integrity: sha512-2FJI7gkLqIE0iYsNQ1P751lO3hER+Umykel+TkLwHj6plzWVxqvfclPUZhcKFVQObqloEBTmpi2Ozn7EkCABAA==}
    peerDependencies:
      '@firebase/app-types': 0.x

  '@firebase/installations@0.6.11':
    resolution: {integrity: sha512-w8fY8mw6fxJzsZM2ufmTtomopXl1+bn/syYon+Gpn+0p0nO1cIUEVEFrFazTLaaL9q1CaVhc3HmseRTsI3igAA==}
    peerDependencies:
      '@firebase/app': 0.x

  '@firebase/logger@0.4.4':
    resolution: {integrity: sha512-mH0PEh1zoXGnaR8gD1DeGeNZtWFKbnz9hDO91dIml3iou1gpOnLqXQ2dJfB71dj6dpmUjcQ6phY3ZZJbjErr9g==}
    engines: {node: '>=18.0.0'}

  '@firebase/messaging-compat@0.2.14':
    resolution: {integrity: sha512-r9weK8jTEA2aGiwy0IbMQPnzuJ0DHkOQaMxGJOlU2QZ1a7fh6RHpNtaoM+LKnn6u1NQgmAOWYNr9vezVQEm9zw==}
    peerDependencies:
      '@firebase/app-compat': 0.x

  '@firebase/messaging-interop-types@0.2.3':
    resolution: {integrity: sha512-xfzFaJpzcmtDjycpDeCUj0Ge10ATFi/VHVIvEEjDNc3hodVBQADZ7BWQU7CuFpjSHE+eLuBI13z5F/9xOoGX8Q==}

  '@firebase/messaging@0.12.14':
    resolution: {integrity: sha512-cSGP34jJswFvME8tdMDkvJvW6T1jEekyMSyq84AMBZ0KEpJbDWuC9n4wKT2lxUm1jaL651iZnn6g51yCl77ICg==}
    peerDependencies:
      '@firebase/app': 0.x

  '@firebase/performance-compat@0.2.11':
    resolution: {integrity: sha512-DqeNBy51W2xzlklyC7Ht9JQ94HhTA08PCcM4MDeyG/ol3fqum/+YgtHWQ2IQuduqH9afETthZqLwCZiSgY7hiA==}
    peerDependencies:
      '@firebase/app-compat': 0.x

  '@firebase/performance-types@0.2.3':
    resolution: {integrity: sha512-IgkyTz6QZVPAq8GSkLYJvwSLr3LS9+V6vNPQr0x4YozZJiLF5jYixj0amDtATf1X0EtYHqoPO48a9ija8GocxQ==}

  '@firebase/performance@0.6.11':
    resolution: {integrity: sha512-FlkJFeqLlIeh5T4Am3uE38HVzggliDIEFy/fErEc1faINOUFCb6vQBEoNZGaXvRnTR8lh3X/hP7tv37C7BsK9g==}
    peerDependencies:
      '@firebase/app': 0.x

  '@firebase/remote-config-compat@0.2.11':
    resolution: {integrity: sha512-zfIjpwPrGuIOZDmduukN086qjhZ1LnbJi/iYzgua+2qeTlO0XdlE1v66gJPwygGB3TOhT0yb9EiUZ3nBNttMqg==}
    peerDependencies:
      '@firebase/app-compat': 0.x

  '@firebase/remote-config-types@0.3.3':
    resolution: {integrity: sha512-YlRI9CHxrk3lpQuFup9N1eohpwdWayKZUNZ/YeQ0PZoncJ66P32UsKUKqVXOaieTjJIOh7yH8JEzRdht5s+d6g==}

  '@firebase/remote-config@0.4.11':
    resolution: {integrity: sha512-9z0rgKuws2nj+7cdiqF+NY1QR4na6KnuOvP+jQvgilDOhGtKOcCMq5XHiu66i73A9kFhyU6QQ2pHXxcmaq1pBw==}
    peerDependencies:
      '@firebase/app': 0.x

  '@firebase/storage-compat@0.3.14':
    resolution: {integrity: sha512-Ok5FmXJiapaNAOQ8W8qppnfwgP8540jw2B8M0c4TFZqF4BD+CoKBxW0dRtOuLNGadLhzqqkDZZZtkexxrveQqA==}
    engines: {node: '>=18.0.0'}
    peerDependencies:
      '@firebase/app-compat': 0.x

  '@firebase/storage-types@0.8.3':
    resolution: {integrity: sha512-+Muk7g9uwngTpd8xn9OdF/D48uiQ7I1Fae7ULsWPuKoCH3HU7bfFPhxtJYzyhjdniowhuDpQcfPmuNRAqZEfvg==}
    peerDependencies:
      '@firebase/app-types': 0.x
      '@firebase/util': 1.x

  '@firebase/storage@0.13.4':
    resolution: {integrity: sha512-b1KaTTRiMupFurIhpGIbReaWev0k5O3ouTHkAPcEssT+FvU3q/1JwzvkX4+ZdB60Fc43Mbp8qQ1gWfT0Z2FP9Q==}
    engines: {node: '>=18.0.0'}
    peerDependencies:
      '@firebase/app': 0.x

  '@firebase/util@1.10.2':
    resolution: {integrity: sha512-qnSHIoE9FK+HYnNhTI8q14evyqbc/vHRivfB4TgCIUOl4tosmKSQlp7ltymOlMP4xVIJTg5wrkfcZ60X4nUf7Q==}
    engines: {node: '>=18.0.0'}

  '@firebase/vertexai@1.0.1':
    resolution: {integrity: sha512-f48MGSofhaS05ebpN7zMIv4tBqYf19pXr5/4njKtNZVLbjxUswDma0SuFDoO+IwgbdkhFxgtNctM+C1zfI/O1Q==}
    engines: {node: '>=18.0.0'}
    peerDependencies:
      '@firebase/app': 0.x
      '@firebase/app-types': 0.x

  '@firebase/webchannel-wrapper@1.0.3':
    resolution: {integrity: sha512-2xCRM9q9FlzGZCdgDMJwc0gyUkWFtkosy7Xxr6sFgQwn+wMNIWd7xIvYNauU1r64B5L5rsGKy/n9TKJ0aAFeqQ==}

  '@grpc/grpc-js@1.9.15':
    resolution: {integrity: sha512-nqE7Hc0AzI+euzUwDAy0aY5hCp10r734gMGRdU+qOPX0XSceI2ULrcXB5U2xSc5VkWwalCj4M7GzCAygZl2KoQ==}
    engines: {node: ^8.13.0 || >=10.10.0}

  '@grpc/proto-loader@0.7.13':
    resolution: {integrity: sha512-AiXO/bfe9bmxBjxxtYxFAXGZvMaN5s8kO+jBHAJCON8rJoB5YS/D6X7ZNc6XQkuHNmyl4CYaMI1fJ/Gn27RGGw==}
    engines: {node: '>=6'}
    hasBin: true

  '@protobufjs/aspromise@1.1.2':
    resolution: {integrity: sha512-j+gKExEuLmKwvz3OgROXtrJ2UG2x8Ch2YZUxahh+s1F2HZ+wAceUNLkvy6zKCPVRkU++ZWQrdxsUeQXmcg4uoQ==}

  '@protobufjs/base64@1.1.2':
    resolution: {integrity: sha512-AZkcAA5vnN/v4PDqKyMR5lx7hZttPDgClv83E//FMNhR2TMcLUhfRUBHCmSl0oi9zMgDDqRUJkSxO3wm85+XLg==}

  '@protobufjs/codegen@2.0.4':
    resolution: {integrity: sha512-YyFaikqM5sH0ziFZCN3xDC7zeGaB/d0IUb9CATugHWbd1FRFwWwt4ld4OYMPWu5a3Xe01mGAULCdqhMlPl29Jg==}

  '@protobufjs/eventemitter@1.1.0':
    resolution: {integrity: sha512-j9ednRT81vYJ9OfVuXG6ERSTdEL1xVsNgqpkxMsbIabzSo3goCjDIveeGv5d03om39ML71RdmrGNjG5SReBP/Q==}

  '@protobufjs/fetch@1.1.0':
    resolution: {integrity: sha512-lljVXpqXebpsijW71PZaCYeIcE5on1w5DlQy5WH6GLbFryLUrBD4932W/E2BSpfRJWseIL4v/KPgBFxDOIdKpQ==}

  '@protobufjs/float@1.0.2':
    resolution: {integrity: sha512-Ddb+kVXlXst9d+R9PfTIxh1EdNkgoRe5tOX6t01f1lYWOvJnSPDBlG241QLzcyPdoNTsblLUdujGSE4RzrTZGQ==}

  '@protobufjs/inquire@1.1.0':
    resolution: {integrity: sha512-kdSefcPdruJiFMVSbn801t4vFK7KB/5gd2fYvrxhuJYg8ILrmn9SKSX2tZdV6V+ksulWqS7aXjBcRXl3wHoD9Q==}

  '@protobufjs/path@1.1.2':
    resolution: {integrity: sha512-6JOcJ5Tm08dOHAbdR3GrvP+yUUfkjG5ePsHYczMFLq3ZmMkAD98cDgcT2iA1lJ9NVwFd4tH/iSSoe44YWkltEA==}

  '@protobufjs/pool@1.1.0':
    resolution: {integrity: sha512-0kELaGSIDBKvcgS4zkjz1PeddatrjYcmMWOlAuAPwAeccUrPHdUqo/J6LiymHHEiJT5NrF1UVwxY14f+fy4WQw==}

  '@protobufjs/utf8@1.1.0':
    resolution: {integrity: sha512-Vvn3zZrhQZkkBE8LSuW3em98c0FwgO4nxzv6OdSxPKJIEKY2bGbHn+mhGIPerzI4twdxaP8/0+06HBpwf345Lw==}

  '@sapphire/async-queue@1.5.5':
    resolution: {integrity: sha512-cvGzxbba6sav2zZkH8GPf2oGk9yYoD5qrNWdu9fRehifgnFZJMV+nuy2nON2roRO4yQQ+v7MK/Pktl/HgfsUXg==}
    engines: {node: '>=v14.0.0', npm: '>=7.0.0'}

  '@sapphire/shapeshift@4.0.0':
    resolution: {integrity: sha512-d9dUmWVA7MMiKobL3VpLF8P2aeanRTu6ypG2OIaEv/ZHH/SUQ2iHOVyi5wAPjQ+HmnMuL0whK9ez8I/raWbtIg==}
    engines: {node: '>=v16'}

  '@sapphire/snowflake@3.5.3':
    resolution: {integrity: sha512-jjmJywLAFoWeBi1W7994zZyiNWPIiqRRNAmSERxyg93xRGzNYvGjlZ0gR6x0F4gPRi2+0O6S71kOZYyr3cxaIQ==}
    engines: {node: '>=v14.0.0', npm: '>=7.0.0'}

  '@types/node@22.10.0':
    resolution: {integrity: sha512-XC70cRZVElFHfIUB40FgZOBbgJYFKKMa5nb9lxcwYstFG/Mi+/Y0bGS+rs6Dmhmkpq4pnNiLiuZAbc02YCOnmA==}

  '@types/ws@8.5.13':
    resolution: {integrity: sha512-osM/gWBTPKgHV8XkTunnegTRIsvF6owmf5w+JtAfOw472dptdm0dlGv4xCt6GwQRcC2XVOvvRE/0bAoQcL2QkA==}

  '@vladfrangu/async_event_emitter@2.4.6':
    resolution: {integrity: sha512-RaI5qZo6D2CVS6sTHFKg1v5Ohq/+Bo2LZ5gzUEwZ/WkHhwtGTCB/sVLw8ijOkAUxasZ+WshN/Rzj4ywsABJ5ZA==}
    engines: {node: '>=v14.0.0', npm: '>=7.0.0'}

  ansi-regex@5.0.1:
    resolution: {integrity: sha512-quJQXlTSUGL2LH9SUXo8VwsY4soanhgo6LNSm84E1LBcE8s3O0wpdiRzyR9z/ZZJMlMWv37qOOb9pdJlMUEKFQ==}
    engines: {node: '>=8'}

  ansi-styles@4.3.0:
    resolution: {integrity: sha512-zbB9rCJAT1rbjiVDb2hqKFHNYLxgtk8NURxZ3IZwD3F6NtxbXZQCnnSi1Lkx+IDohdPlFp222wVALIheZJQSEg==}
    engines: {node: '>=8'}

  asynckit@0.4.0:
    resolution: {integrity: sha512-Oei9OH4tRh0YqU3GxhX79dM/mwVgvbZJaSNaRk+bshkj0S5cfHcgYakreBjrHwatXKbz+IoIdYLxrKim2MjW0Q==}

  axios@1.7.8:
    resolution: {integrity: sha512-Uu0wb7KNqK2t5K+YQyVCLM76prD5sRFjKHbJYCP1J7JFGEQ6nN7HWn9+04LAeiJ3ji54lgS/gZCH1oxyrf1SPw==}

  boolbase@1.0.0:
    resolution: {integrity: sha512-JZOSA7Mo9sNGB8+UjSgzdLtokWAky1zbztM3WRLCbZ70/3cTANmQmOdR7y2g+J0e2WXywy1yS468tY+IruqEww==}

  cheerio-select@2.1.0:
    resolution: {integrity: sha512-9v9kG0LvzrlcungtnJtpGNxY+fzECQKhK4EGJX2vByejiMX84MFNQw4UxPJl3bFbTMw+Dfs37XaIkCwTZfLh4g==}

  cheerio@1.0.0:
    resolution: {integrity: sha512-quS9HgjQpdaXOvsZz82Oz7uxtXiy6UIsIQcpBj7HRw2M63Skasm9qlDocAM7jNuaxdhpPU7c4kJN+gA5MCu4ww==}
    engines: {node: '>=18.17'}

  cliui@8.0.1:
    resolution: {integrity: sha512-BSeNnyus75C4//NQ9gQt1/csTXyo/8Sb+afLAkzAptFuMsod9HFokGNudZpi/oQV73hnVK+sR+5PVRMd+Dr7YQ==}
    engines: {node: '>=12'}

  color-convert@2.0.1:
    resolution: {integrity: sha512-RRECPsj7iu/xb5oKYcsFHSppFNnsj/52OVTRKb4zP5onXwVF3zVmmToNcOfGC+CRDpfK/U584fMg38ZHCaElKQ==}
    engines: {node: '>=7.0.0'}

  color-name@1.1.4:
    resolution: {integrity: sha512-dOy+3AuW3a2wNbZHIuMZpTcgjGuLU/uBL/ubcZF9OXbDo8ff4O8yVp5Bf0efS8uEoYo5q4Fx7dY9OgQGXgAsQA==}

  combined-stream@1.0.8:
    resolution: {integrity: sha512-FQN4MRfuJeHf7cBbBMJFXhKSDq+2kAArBlmRBvcvFE5BB1HZKXtSFASDhdlz9zOYwxh8lDdnvmMOe/+5cdoEdg==}
    engines: {node: '>= 0.8'}

  cron-parser@4.9.0:
    resolution: {integrity: sha512-p0SaNjrHOnQeR8/VnfGbmg9te2kfyYSQ7Sc/j/6DtPL3JQvKxmjO9TSjNFpujqV3vEYYBvNNvXSxzyksBWAx1Q==}
    engines: {node: '>=12.0.0'}

  css-select@5.1.0:
    resolution: {integrity: sha512-nwoRF1rvRRnnCqqY7updORDsuqKzqYJ28+oSMaJMMgOauh3fvwHqMS7EZpIPqK8GL+g9mKxF1vP/ZjSeNjEVHg==}

  css-what@6.1.0:
    resolution: {integrity: sha512-HTUrgRJ7r4dsZKU6GjmpfRK1O76h97Z8MfS1G0FozR+oF2kG6Vfe8JE6zwrkbxigziPHinCJ+gCPjA9EaBDtRw==}
    engines: {node: '>= 6'}

  delayed-stream@1.0.0:
    resolution: {integrity: sha512-ZySD7Nf91aLB0RxL4KGrKHBXl7Eds1DAmEdcoVawXnLD7SDhpNgtuII2aAkg7a7QS41jxPSZ17p4VdGnMHk3MQ==}
    engines: {node: '>=0.4.0'}

  discord-api-types@0.37.100:
    resolution: {integrity: sha512-a8zvUI0GYYwDtScfRd/TtaNBDTXwP5DiDVX7K5OmE+DRT57gBqKnwtOC5Ol8z0mRW8KQfETIgiB8U0YZ9NXiCA==}

  discord-api-types@0.37.83:
    resolution: {integrity: sha512-urGGYeWtWNYMKnYlZnOnDHm8fVRffQs3U0SpE8RHeiuLKb/u92APS8HoQnPTFbnXmY1vVnXjXO4dOxcAn3J+DA==}

  discord-api-types@0.37.97:
    resolution: {integrity: sha512-No1BXPcVkyVD4ZVmbNgDKaBoqgeQ+FJpzZ8wqHkfmBnTZig1FcH3iPPersiK1TUIAzgClh2IvOuVUYfcWLQAOA==}

  discord.js@14.16.3:
    resolution: {integrity: sha512-EPCWE9OkA9DnFFNrO7Kl1WHHDYFXu3CNVFJg63bfU7hVtjZGyhShwZtSBImINQRWxWP2tgo2XI+QhdXx28r0aA==}
    engines: {node: '>=18'}

  dom-serializer@2.0.0:
    resolution: {integrity: sha512-wIkAryiqt/nV5EQKqQpo3SToSOV9J0DnbJqwK7Wv/Trc92zIAYZ4FlMu+JPFW1DfGFt81ZTCGgDEabffXeLyJg==}

  domelementtype@2.3.0:
    resolution: {integrity: sha512-OLETBj6w0OsagBwdXnPdN0cnMfF9opN69co+7ZrbfPGrdpPVNBUj02spi6B1N7wChLQiPn4CSH/zJvXw56gmHw==}

  domhandler@5.0.3:
    resolution: {integrity: sha512-cgwlv/1iFQiFnU96XXgROh8xTeetsnJiDsTc7TYCLFd9+/WNkIqPTxiM/8pSd8VIrhXGTf1Ny1q1hquVqDJB5w==}
    engines: {node: '>= 4'}

  domutils@3.1.0:
    resolution: {integrity: sha512-H78uMmQtI2AhgDJjWeQmHwJJ2bLPD3GMmO7Zja/ZZh84wkm+4ut+IUnUdRa8uCGX88DiVx1j6FRe1XfxEgjEZA==}

  dotenv@16.4.5:
    resolution: {integrity: sha512-ZmdL2rui+eB2YwhsWzjInR8LldtZHGDoQ1ugH85ppHKwpUHL7j7rN0Ti9NCnGiQbhaZ11FpR+7ao1dNsmduNUg==}
    engines: {node: '>=12'}

  emoji-regex@8.0.0:
    resolution: {integrity: sha512-MSjYzcWNOA0ewAHpz0MxpYFvwg6yjy1NG3xteoqz644VCo/RPgnr1/GGt+ic3iJTzQ8Eu3TdM14SawnVUmGE6A==}

  encoding-sniffer@0.2.0:
    resolution: {integrity: sha512-ju7Wq1kg04I3HtiYIOrUrdfdDvkyO9s5XM8QAj/bN61Yo/Vb4vgJxy5vi4Yxk01gWHbrofpPtpxM8bKger9jhg==}

  entities@4.5.0:
    resolution: {integrity: sha512-V0hjH4dGPh9Ao5p0MoRY6BVqtwCjhz6vI5LT8AJ55H+4g9/4vbHx1I54fS0XuclLhDHArPQCiMjDxjaL8fPxhw==}
    engines: {node: '>=0.12'}

  escalade@3.2.0:
    resolution: {integrity: sha512-WUj2qlxaQtO4g6Pq5c29GTcWGDyd8itL8zTlipgECz3JesAiiOKotd8JU6otB3PACgG6xkJUyVhboMS+bje/jA==}
    engines: {node: '>=6'}

  fast-deep-equal@3.1.3:
    resolution: {integrity: sha512-f3qQ9oQy9j2AhBe/H9VC91wLmKBCCU/gDOnKNAYG5hswO7BLKj09Hc5HYNz9cGI++xlpDCIgDaitVs03ATR84Q==}

  faye-websocket@0.11.4:
    resolution: {integrity: sha512-CzbClwlXAuiRQAlUyfqPgvPoNKTckTPGfwZV4ZdAhVcP2lh9KUxJg2b5GkE7XbjKQ3YJnQ9z6D9ntLAlB+tP8g==}
    engines: {node: '>=0.8.0'}

  firebase@11.0.2:
    resolution: {integrity: sha512-w4T8BSJpzdZA25QRch5ahLsgB6uRvg1LEic4BaC5rTD1YygroI1AXp+W+rbMnr8d8EjfAv6t4k8doULIjc1P8Q==}

  follow-redirects@1.15.9:
    resolution: {integrity: sha512-gew4GsXizNgdoRyqmyfMHyAmXsZDk6mHkSxZFCzW9gwlbtOW44CDtYavM+y+72qD/Vq2l550kMF52DT8fOLJqQ==}
    engines: {node: '>=4.0'}
    peerDependencies:
      debug: '*'
    peerDependenciesMeta:
      debug:
        optional: true

  form-data@4.0.1:
    resolution: {integrity: sha512-tzN8e4TX8+kkxGPK8D5u0FNmjPUjw3lwC9lSLxxoB/+GtsJG91CO8bSWy73APlgAZzZbXEYZJuxjkHH2w+Ezhw==}
    engines: {node: '>= 6'}

  get-caller-file@2.0.5:
    resolution: {integrity: sha512-DyFP3BM/3YHTQOCUL/w0OZHR0lpKeGrxotcHWcqNEdnltqFwXVfhEBQ94eIo34AfQpo0rGki4cyIiftY06h2Fg==}
    engines: {node: 6.* || 8.* || >= 10.*}

  htmlparser2@9.1.0:
    resolution: {integrity: sha512-5zfg6mHUoaer/97TxnGpxmbR7zJtPwIYFMZ/H5ucTlPZhKvtum05yiPK3Mgai3a0DyVxv7qYqoweaEd2nrYQzQ==}

  http-parser-js@0.5.8:
    resolution: {integrity: sha512-SGeBX54F94Wgu5RH3X5jsDtf4eHyRogWX1XGT3b4HuW3tQPM4AaBzoUji/4AAJNXCEOWZ5O0DgZmJw1947gD5Q==}

  iconv-lite@0.6.3:
    resolution: {integrity: sha512-4fCk79wshMdzMp2rH06qWrJE4iolqLhCUH+OiuIgU++RB0+94NlDL81atO7GX55uUKueo0txHNtvEyI6D7WdMw==}
    engines: {node: '>=0.10.0'}

  idb@7.1.1:
    resolution: {integrity: sha512-gchesWBzyvGHRO9W8tzUWFDycow5gwjvFKfyV9FF32Y7F50yZMp7mP+T2mJIWFx49zicqyC4uefHM17o6xKIVQ==}

  is-fullwidth-code-point@3.0.0:
    resolution: {integrity: sha512-zymm5+u+sCsSWyD9qNaejV3DFvhCKclKdizYaJUuHA83RLjb7nSuGnddCHGv0hk+KY7BMAlsWeK4Ueg6EV6XQg==}
    engines: {node: '>=8'}

  lodash.camelcase@4.3.0:
    resolution: {integrity: sha512-TwuEnCnxbc3rAvhf/LbG7tJUDzhqXyFnv3dtzLOPgCG/hODL7WFnsbwktkD7yUV0RrreP/l1PALq/YSg6VvjlA==}

  lodash.snakecase@4.1.1:
    resolution: {integrity: sha512-QZ1d4xoBHYUeuouhEq3lk3Uq7ldgyFXGBhg04+oRLnIz8o9T65Eh+8YdroUwn846zchkA9yDsDl5CVVaV2nqYw==}

  lodash@4.17.21:
    resolution: {integrity: sha512-v2kDEe57lecTulaDIuNTPy3Ry4gLGJ6Z1O3vE1krgXZNrsQ+LFTGHVxVjcXPs17LhbZVGedAJv8XZ1tvj5FvSg==}

  long-timeout@0.1.1:
    resolution: {integrity: sha512-BFRuQUqc7x2NWxfJBCyUrN8iYUYznzL9JROmRz1gZ6KlOIgmoD+njPVbb+VNn2nGMKggMsK79iUNErillsrx7w==}

  long@5.2.3:
    resolution: {integrity: sha512-lcHwpNoggQTObv5apGNCTdJrO69eHOZMi4BNC+rTLER8iHAqGrUVeLh/irVIM7zTw2bOXA8T6uNPeujwOLg/2Q==}

  luxon@3.5.0:
    resolution: {integrity: sha512-rh+Zjr6DNfUYR3bPwJEnuwDdqMbxZW7LOQfUN4B54+Cl+0o5zaU9RJ6bcidfDtC1cWCZXQ+nvX8bf6bAji37QQ==}
    engines: {node: '>=12'}

  magic-bytes.js@1.10.0:
    resolution: {integrity: sha512-/k20Lg2q8LE5xiaaSkMXk4sfvI+9EGEykFS4b0CHHGWqDYU0bGUFSwchNOMA56D7TCs9GwVTkqe9als1/ns8UQ==}

  mime-db@1.52.0:
    resolution: {integrity: sha512-sPU4uV7dYlvtWJxwwxHD0PuihVNiE7TyAbQ5SWxDCB9mUYvOgroQOwYQQOKPJ8CIbE+1ETVlOoK1UC2nU3gYvg==}
    engines: {node: '>= 0.6'}

  mime-types@2.1.35:
    resolution: {integrity: sha512-ZDY+bPm5zTTF+YpCrAU9nK0UgICYPT0QtT1NZWFv4s++TNkcgVaT0g6+4R2uI4MjQjzysHB1zxuWL50hzaeXiw==}
    engines: {node: '>= 0.6'}

  node-schedule@2.1.1:
    resolution: {integrity: sha512-OXdegQq03OmXEjt2hZP33W2YPs/E5BcFQks46+G2gAxs4gHOIVD1u7EqlYLYSKsaIpyKCK9Gbk0ta1/gjRSMRQ==}
    engines: {node: '>=6'}

  nth-check@2.1.1:
    resolution: {integrity: sha512-lqjrjmaOoAnWfMmBPL+XNnynZh2+swxiX3WUE0s4yEHI6m+AwrK2UZOimIRl3X/4QctVqS8AiZjFqyOGrMXb/w==}

  parse5-htmlparser2-tree-adapter@7.1.0:
    resolution: {integrity: sha512-ruw5xyKs6lrpo9x9rCZqZZnIUntICjQAd0Wsmp396Ul9lN/h+ifgVV1x1gZHi8euej6wTfpqX8j+BFQxF0NS/g==}

  parse5-parser-stream@7.1.2:
    resolution: {integrity: sha512-JyeQc9iwFLn5TbvvqACIF/VXG6abODeB3Fwmv/TGdLk2LfbWkaySGY72at4+Ty7EkPZj854u4CrICqNk2qIbow==}

  parse5@7.2.1:
    resolution: {integrity: sha512-BuBYQYlv1ckiPdQi/ohiivi9Sagc9JG+Ozs0r7b/0iK3sKmrb0b9FdWdBbOdx6hBCM/F9Ir82ofnBhtZOjCRPQ==}

  protobufjs@7.4.0:
    resolution: {integrity: sha512-mRUWCc3KUU4w1jU8sGxICXH/gNS94DvI1gxqDvBzhj1JpcsimQkYiOJfwsPUykUI5ZaspFbSgmBLER8IrQ3tqw==}
    engines: {node: '>=12.0.0'}

  proxy-from-env@1.1.0:
    resolution: {integrity: sha512-D+zkORCbA9f1tdWRK0RaCR3GPv50cMxcrz4X8k5LTSUD1Dkw47mKJEZQNunItRTkWwgtaUSo1RVFRIG9ZXiFYg==}

  require-directory@2.1.1:
    resolution: {integrity: sha512-fGxEI7+wsG9xrvdjsrlmL22OMTTiHRwAMroiEeMgq8gzoLC/PQr7RsRDSTLUg/bZAZtF+TVIkHc6/4RIKrui+Q==}
    engines: {node: '>=0.10.0'}

  safe-buffer@5.2.1:
    resolution: {integrity: sha512-rp3So07KcdmmKbGvgaNxQSJr7bGVSVk5S9Eq1F+ppbRo70+YeaDxkw5Dd8NPN+GD6bjnYm2VuPuCXmpuYvmCXQ==}

  safer-buffer@2.1.2:
    resolution: {integrity: sha512-YZo3K82SD7Riyi0E1EQPojLz7kpepnSQI9IyPbHHg1XXXevb5dJI7tpyN2ADxGcQbHG7vcyRHk0cbwqcQriUtg==}

  sorted-array-functions@1.3.0:
    resolution: {integrity: sha512-2sqgzeFlid6N4Z2fUQ1cvFmTOLRi/sEDzSQ0OKYchqgoPmQBVyM3959qYx3fpS6Esef80KjmpgPeEr028dP3OA==}

  string-width@4.2.3:
    resolution: {integrity: sha512-wKyQRQpjJ0sIp62ErSZdGsjMJWsap5oRNihHhu6G7JVO/9jIB6UyevL+tXuOqrng8j/cxKTWyWUwvSTriiZz/g==}
    engines: {node: '>=8'}

  strip-ansi@6.0.1:
    resolution: {integrity: sha512-Y38VPSHcqkFrCpFnQ9vuSXmquuv5oXOKpGeT6aGrr3o3Gc9AlVa6JBfUSOCnbxGGZF+/0ooI7KrPuUSztUdU5A==}
    engines: {node: '>=8'}

  ts-mixer@6.0.4:
    resolution: {integrity: sha512-ufKpbmrugz5Aou4wcr5Wc1UUFWOLhq+Fm6qa6P0w0K5Qw2yhaUoiWszhCVuNQyNwrlGiscHOmqYoAox1PtvgjA==}

  tslib@2.8.1:
    resolution: {integrity: sha512-oJFu94HQb+KVduSUQL7wnpmqnfmLsOA/nAh6b6EH0wCEoK0/mPeXU6c3wKDV83MkOuHPRHtSXKKU99IBazS/2w==}

  undici-types@6.20.0:
    resolution: {integrity: sha512-Ny6QZ2Nju20vw1SRHe3d9jVu6gJ+4e3+MMpqu7pqE5HT6WsTSlce++GQmK5UXS8mzV8DSYHrQH+Xrf2jVcuKNg==}

  undici@6.19.8:
    resolution: {integrity: sha512-U8uCCl2x9TK3WANvmBavymRzxbfFYG+tAu+fgx3zxQy3qdagQqBLwJVrdyO1TBfUXvfKveMKJZhpvUYoOjM+4g==}
    engines: {node: '>=18.17'}

  websocket-driver@0.7.4:
    resolution: {integrity: sha512-b17KeDIQVjvb0ssuSDF2cYXSg2iztliJ4B9WdsuB6J952qCPKmnVq4DyW5motImXHDC1cBT/1UezrJVsKw5zjg==}
    engines: {node: '>=0.8.0'}

  websocket-extensions@0.1.4:
    resolution: {integrity: sha512-OqedPIGOfsDlo31UNwYbCFMSaO9m9G/0faIHj5/dZFDMFqPTcx6UwqyOy3COEaEOg/9VsGIpdqn62W5KhoKSpg==}
    engines: {node: '>=0.8.0'}

  whatwg-encoding@3.1.1:
    resolution: {integrity: sha512-6qN4hJdMwfYBtE3YBTTHhoeuUrDBPZmbQaxWAqSALV/MeEnR5z1xd8UKud2RAkFoPkmB+hli1TZSnyi84xz1vQ==}
    engines: {node: '>=18'}

  whatwg-mimetype@4.0.0:
    resolution: {integrity: sha512-QaKxh0eNIi2mE9p2vEdzfagOKHCcj1pJ56EEHGQOVxp8r9/iszLUUV7v89x9O1p/T+NlTM5W7jW6+cz4Fq1YVg==}
    engines: {node: '>=18'}

  wrap-ansi@7.0.0:
    resolution: {integrity: sha512-YVGIj2kamLSTxw6NsZjoBxfSwsn0ycdesmc4p+Q21c5zPuZ1pl+NfxVdxPtdHvmNVOQ6XSYG4AUtyt/Fi7D16Q==}
    engines: {node: '>=10'}

  ws@8.18.0:
    resolution: {integrity: sha512-8VbfWfHLbbwu3+N6OKsOMpBdT4kXPDDB9cJk2bJ6mh9ucxdlnNvH1e+roYkKmN9Nxw2yjz7VzeO9oOz2zJ04Pw==}
    engines: {node: '>=10.0.0'}
    peerDependencies:
      bufferutil: ^4.0.1
      utf-8-validate: '>=5.0.2'
    peerDependenciesMeta:
      bufferutil:
        optional: true
      utf-8-validate:
        optional: true

  y18n@5.0.8:
    resolution: {integrity: sha512-0pfFzegeDWJHJIAmTLRP2DwHjdF5s7jo9tuztdQxAhINCdvS+3nGINqPd00AphqJR/0LhANUS6/+7SCb98YOfA==}
    engines: {node: '>=10'}

  yargs-parser@21.1.1:
    resolution: {integrity: sha512-tVpsJW7DdjecAiFpbIB1e3qxIQsE6NoPc5/eTdrbbIC4h0LVsWhnoa3g+m2HclBIujHzsxZ4VJVA+GUuc2/LBw==}
    engines: {node: '>=12'}

  yargs@17.7.2:
    resolution: {integrity: sha512-7dSzzRQ++CKnNI/krKnYRV7JKKPUXMEh61soaHKg9mrWEhzFWhFnxPxGl+69cD1Ou63C13NUPCnmIcrvqCuM6w==}
    engines: {node: '>=12'}

snapshots:

  '@discordjs/builders@1.9.0':
    dependencies:
      '@discordjs/formatters': 0.5.0
      '@discordjs/util': 1.1.1
      '@sapphire/shapeshift': 4.0.0
      discord-api-types: 0.37.97
      fast-deep-equal: 3.1.3
      ts-mixer: 6.0.4
      tslib: 2.8.1

  '@discordjs/collection@1.5.3': {}

  '@discordjs/collection@2.1.1': {}

  '@discordjs/formatters@0.5.0':
    dependencies:
      discord-api-types: 0.37.97

  '@discordjs/rest@2.4.0':
    dependencies:
      '@discordjs/collection': 2.1.1
      '@discordjs/util': 1.1.1
      '@sapphire/async-queue': 1.5.5
      '@sapphire/snowflake': 3.5.3
      '@vladfrangu/async_event_emitter': 2.4.6
      discord-api-types: 0.37.97
      magic-bytes.js: 1.10.0
      tslib: 2.8.1
      undici: 6.19.8

  '@discordjs/util@1.1.1': {}

  '@discordjs/ws@1.1.1':
    dependencies:
      '@discordjs/collection': 2.1.1
      '@discordjs/rest': 2.4.0
      '@discordjs/util': 1.1.1
      '@sapphire/async-queue': 1.5.5
      '@types/ws': 8.5.13
      '@vladfrangu/async_event_emitter': 2.4.6
      discord-api-types: 0.37.83
      tslib: 2.8.1
      ws: 8.18.0
    transitivePeerDependencies:
      - bufferutil
      - utf-8-validate

  '@firebase/analytics-compat@0.2.16(@firebase/app-compat@0.2.46)(@firebase/app@0.10.16)':
    dependencies:
      '@firebase/analytics': 0.10.10(@firebase/app@0.10.16)
      '@firebase/analytics-types': 0.8.3
      '@firebase/app-compat': 0.2.46
      '@firebase/component': 0.6.11
      '@firebase/util': 1.10.2
      tslib: 2.8.1
    transitivePeerDependencies:
      - '@firebase/app'

  '@firebase/analytics-types@0.8.3': {}

  '@firebase/analytics@0.10.10(@firebase/app@0.10.16)':
    dependencies:
      '@firebase/app': 0.10.16
      '@firebase/component': 0.6.11
      '@firebase/installations': 0.6.11(@firebase/app@0.10.16)
      '@firebase/logger': 0.4.4
      '@firebase/util': 1.10.2
      tslib: 2.8.1

  '@firebase/app-check-compat@0.3.17(@firebase/app-compat@0.2.46)(@firebase/app@0.10.16)':
    dependencies:
      '@firebase/app-check': 0.8.10(@firebase/app@0.10.16)
      '@firebase/app-check-types': 0.5.3
      '@firebase/app-compat': 0.2.46
      '@firebase/component': 0.6.11
      '@firebase/logger': 0.4.4
      '@firebase/util': 1.10.2
      tslib: 2.8.1
    transitivePeerDependencies:
      - '@firebase/app'

  '@firebase/app-check-interop-types@0.3.3': {}

  '@firebase/app-check-types@0.5.3': {}

  '@firebase/app-check@0.8.10(@firebase/app@0.10.16)':
    dependencies:
      '@firebase/app': 0.10.16
      '@firebase/component': 0.6.11
      '@firebase/logger': 0.4.4
      '@firebase/util': 1.10.2
      tslib: 2.8.1

  '@firebase/app-compat@0.2.46':
    dependencies:
      '@firebase/app': 0.10.16
      '@firebase/component': 0.6.11
      '@firebase/logger': 0.4.4
      '@firebase/util': 1.10.2
      tslib: 2.8.1

  '@firebase/app-types@0.9.3': {}

  '@firebase/app@0.10.16':
    dependencies:
      '@firebase/component': 0.6.11
      '@firebase/logger': 0.4.4
      '@firebase/util': 1.10.2
      idb: 7.1.1
      tslib: 2.8.1

  '@firebase/auth-compat@0.5.16(@firebase/app-compat@0.2.46)(@firebase/app-types@0.9.3)(@firebase/app@0.10.16)':
    dependencies:
      '@firebase/app-compat': 0.2.46
      '@firebase/auth': 1.8.1(@firebase/app@0.10.16)
      '@firebase/auth-types': 0.12.3(@firebase/app-types@0.9.3)(@firebase/util@1.10.2)
      '@firebase/component': 0.6.11
      '@firebase/util': 1.10.2
      tslib: 2.8.1
    transitivePeerDependencies:
      - '@firebase/app'
      - '@firebase/app-types'
      - '@react-native-async-storage/async-storage'

  '@firebase/auth-interop-types@0.2.4': {}

  '@firebase/auth-types@0.12.3(@firebase/app-types@0.9.3)(@firebase/util@1.10.2)':
    dependencies:
      '@firebase/app-types': 0.9.3
      '@firebase/util': 1.10.2

  '@firebase/auth@1.8.1(@firebase/app@0.10.16)':
    dependencies:
      '@firebase/app': 0.10.16
      '@firebase/component': 0.6.11
      '@firebase/logger': 0.4.4
      '@firebase/util': 1.10.2
      tslib: 2.8.1

  '@firebase/component@0.6.11':
    dependencies:
      '@firebase/util': 1.10.2
      tslib: 2.8.1

  '@firebase/data-connect@0.1.2(@firebase/app@0.10.16)':
    dependencies:
      '@firebase/app': 0.10.16
      '@firebase/auth-interop-types': 0.2.4
      '@firebase/component': 0.6.11
      '@firebase/logger': 0.4.4
      '@firebase/util': 1.10.2
      tslib: 2.8.1

  '@firebase/database-compat@2.0.1':
    dependencies:
      '@firebase/component': 0.6.11
      '@firebase/database': 1.0.10
      '@firebase/database-types': 1.0.7
      '@firebase/logger': 0.4.4
      '@firebase/util': 1.10.2
      tslib: 2.8.1

  '@firebase/database-types@1.0.7':
    dependencies:
      '@firebase/app-types': 0.9.3
      '@firebase/util': 1.10.2

  '@firebase/database@1.0.10':
    dependencies:
      '@firebase/app-check-interop-types': 0.3.3
      '@firebase/auth-interop-types': 0.2.4
      '@firebase/component': 0.6.11
      '@firebase/logger': 0.4.4
      '@firebase/util': 1.10.2
      faye-websocket: 0.11.4
      tslib: 2.8.1

  '@firebase/firestore-compat@0.3.40(@firebase/app-compat@0.2.46)(@firebase/app-types@0.9.3)(@firebase/app@0.10.16)':
    dependencies:
      '@firebase/app-compat': 0.2.46
      '@firebase/component': 0.6.11
      '@firebase/firestore': 4.7.5(@firebase/app@0.10.16)
      '@firebase/firestore-types': 3.0.3(@firebase/app-types@0.9.3)(@firebase/util@1.10.2)
      '@firebase/util': 1.10.2
      tslib: 2.8.1
    transitivePeerDependencies:
      - '@firebase/app'
      - '@firebase/app-types'

  '@firebase/firestore-types@3.0.3(@firebase/app-types@0.9.3)(@firebase/util@1.10.2)':
    dependencies:
      '@firebase/app-types': 0.9.3
      '@firebase/util': 1.10.2

  '@firebase/firestore@4.7.5(@firebase/app@0.10.16)':
    dependencies:
      '@firebase/app': 0.10.16
      '@firebase/component': 0.6.11
      '@firebase/logger': 0.4.4
      '@firebase/util': 1.10.2
      '@firebase/webchannel-wrapper': 1.0.3
      '@grpc/grpc-js': 1.9.15
      '@grpc/proto-loader': 0.7.13
      tslib: 2.8.1

  '@firebase/functions-compat@0.3.16(@firebase/app-compat@0.2.46)(@firebase/app@0.10.16)':
    dependencies:
      '@firebase/app-compat': 0.2.46
      '@firebase/component': 0.6.11
      '@firebase/functions': 0.11.10(@firebase/app@0.10.16)
      '@firebase/functions-types': 0.6.3
      '@firebase/util': 1.10.2
      tslib: 2.8.1
    transitivePeerDependencies:
      - '@firebase/app'

  '@firebase/functions-types@0.6.3': {}

  '@firebase/functions@0.11.10(@firebase/app@0.10.16)':
    dependencies:
      '@firebase/app': 0.10.16
      '@firebase/app-check-interop-types': 0.3.3
      '@firebase/auth-interop-types': 0.2.4
      '@firebase/component': 0.6.11
      '@firebase/messaging-interop-types': 0.2.3
      '@firebase/util': 1.10.2
      tslib: 2.8.1

  '@firebase/installations-compat@0.2.11(@firebase/app-compat@0.2.46)(@firebase/app-types@0.9.3)(@firebase/app@0.10.16)':
    dependencies:
      '@firebase/app-compat': 0.2.46
      '@firebase/component': 0.6.11
      '@firebase/installations': 0.6.11(@firebase/app@0.10.16)
      '@firebase/installations-types': 0.5.3(@firebase/app-types@0.9.3)
      '@firebase/util': 1.10.2
      tslib: 2.8.1
    transitivePeerDependencies:
      - '@firebase/app'
      - '@firebase/app-types'

  '@firebase/installations-types@0.5.3(@firebase/app-types@0.9.3)':
    dependencies:
      '@firebase/app-types': 0.9.3

  '@firebase/installations@0.6.11(@firebase/app@0.10.16)':
    dependencies:
      '@firebase/app': 0.10.16
      '@firebase/component': 0.6.11
      '@firebase/util': 1.10.2
      idb: 7.1.1
      tslib: 2.8.1

  '@firebase/logger@0.4.4':
    dependencies:
      tslib: 2.8.1

  '@firebase/messaging-compat@0.2.14(@firebase/app-compat@0.2.46)(@firebase/app@0.10.16)':
    dependencies:
      '@firebase/app-compat': 0.2.46
      '@firebase/component': 0.6.11
      '@firebase/messaging': 0.12.14(@firebase/app@0.10.16)
      '@firebase/util': 1.10.2
      tslib: 2.8.1
    transitivePeerDependencies:
      - '@firebase/app'

  '@firebase/messaging-interop-types@0.2.3': {}

  '@firebase/messaging@0.12.14(@firebase/app@0.10.16)':
    dependencies:
      '@firebase/app': 0.10.16
      '@firebase/component': 0.6.11
      '@firebase/installations': 0.6.11(@firebase/app@0.10.16)
      '@firebase/messaging-interop-types': 0.2.3
      '@firebase/util': 1.10.2
      idb: 7.1.1
      tslib: 2.8.1

  '@firebase/performance-compat@0.2.11(@firebase/app-compat@0.2.46)(@firebase/app@0.10.16)':
    dependencies:
      '@firebase/app-compat': 0.2.46
      '@firebase/component': 0.6.11
      '@firebase/logger': 0.4.4
      '@firebase/performance': 0.6.11(@firebase/app@0.10.16)
      '@firebase/performance-types': 0.2.3
      '@firebase/util': 1.10.2
      tslib: 2.8.1
    transitivePeerDependencies:
      - '@firebase/app'

  '@firebase/performance-types@0.2.3': {}

  '@firebase/performance@0.6.11(@firebase/app@0.10.16)':
    dependencies:
      '@firebase/app': 0.10.16
      '@firebase/component': 0.6.11
      '@firebase/installations': 0.6.11(@firebase/app@0.10.16)
      '@firebase/logger': 0.4.4
      '@firebase/util': 1.10.2
      tslib: 2.8.1

  '@firebase/remote-config-compat@0.2.11(@firebase/app-compat@0.2.46)(@firebase/app@0.10.16)':
    dependencies:
      '@firebase/app-compat': 0.2.46
      '@firebase/component': 0.6.11
      '@firebase/logger': 0.4.4
      '@firebase/remote-config': 0.4.11(@firebase/app@0.10.16)
      '@firebase/remote-config-types': 0.3.3
      '@firebase/util': 1.10.2
      tslib: 2.8.1
    transitivePeerDependencies:
      - '@firebase/app'

  '@firebase/remote-config-types@0.3.3': {}

  '@firebase/remote-config@0.4.11(@firebase/app@0.10.16)':
    dependencies:
      '@firebase/app': 0.10.16
      '@firebase/component': 0.6.11
      '@firebase/installations': 0.6.11(@firebase/app@0.10.16)
      '@firebase/logger': 0.4.4
      '@firebase/util': 1.10.2
      tslib: 2.8.1

  '@firebase/storage-compat@0.3.14(@firebase/app-compat@0.2.46)(@firebase/app-types@0.9.3)(@firebase/app@0.10.16)':
    dependencies:
      '@firebase/app-compat': 0.2.46
      '@firebase/component': 0.6.11
      '@firebase/storage': 0.13.4(@firebase/app@0.10.16)
      '@firebase/storage-types': 0.8.3(@firebase/app-types@0.9.3)(@firebase/util@1.10.2)
      '@firebase/util': 1.10.2
      tslib: 2.8.1
    transitivePeerDependencies:
      - '@firebase/app'
      - '@firebase/app-types'

  '@firebase/storage-types@0.8.3(@firebase/app-types@0.9.3)(@firebase/util@1.10.2)':
    dependencies:
      '@firebase/app-types': 0.9.3
      '@firebase/util': 1.10.2

  '@firebase/storage@0.13.4(@firebase/app@0.10.16)':
    dependencies:
      '@firebase/app': 0.10.16
      '@firebase/component': 0.6.11
      '@firebase/util': 1.10.2
      tslib: 2.8.1

  '@firebase/util@1.10.2':
    dependencies:
      tslib: 2.8.1

  '@firebase/vertexai@1.0.1(@firebase/app-types@0.9.3)(@firebase/app@0.10.16)':
    dependencies:
      '@firebase/app': 0.10.16
      '@firebase/app-check-interop-types': 0.3.3
      '@firebase/app-types': 0.9.3
      '@firebase/component': 0.6.11
      '@firebase/logger': 0.4.4
      '@firebase/util': 1.10.2
      tslib: 2.8.1

  '@firebase/webchannel-wrapper@1.0.3': {}

  '@grpc/grpc-js@1.9.15':
    dependencies:
      '@grpc/proto-loader': 0.7.13
      '@types/node': 22.10.0

  '@grpc/proto-loader@0.7.13':
    dependencies:
      lodash.camelcase: 4.3.0
      long: 5.2.3
      protobufjs: 7.4.0
      yargs: 17.7.2

  '@protobufjs/aspromise@1.1.2': {}

  '@protobufjs/base64@1.1.2': {}

  '@protobufjs/codegen@2.0.4': {}

  '@protobufjs/eventemitter@1.1.0': {}

  '@protobufjs/fetch@1.1.0':
    dependencies:
      '@protobufjs/aspromise': 1.1.2
      '@protobufjs/inquire': 1.1.0

  '@protobufjs/float@1.0.2': {}

  '@protobufjs/inquire@1.1.0': {}

  '@protobufjs/path@1.1.2': {}

  '@protobufjs/pool@1.1.0': {}

  '@protobufjs/utf8@1.1.0': {}

  '@sapphire/async-queue@1.5.5': {}

  '@sapphire/shapeshift@4.0.0':
    dependencies:
      fast-deep-equal: 3.1.3
      lodash: 4.17.21

  '@sapphire/snowflake@3.5.3': {}

  '@types/node@22.10.0':
    dependencies:
      undici-types: 6.20.0

  '@types/ws@8.5.13':
    dependencies:
      '@types/node': 22.10.0

  '@vladfrangu/async_event_emitter@2.4.6': {}

  ansi-regex@5.0.1: {}

  ansi-styles@4.3.0:
    dependencies:
      color-convert: 2.0.1

  asynckit@0.4.0: {}

  axios@1.7.8:
    dependencies:
      follow-redirects: 1.15.9
      form-data: 4.0.1
      proxy-from-env: 1.1.0
    transitivePeerDependencies:
      - debug

  boolbase@1.0.0: {}

  cheerio-select@2.1.0:
    dependencies:
      boolbase: 1.0.0
      css-select: 5.1.0
      css-what: 6.1.0
      domelementtype: 2.3.0
      domhandler: 5.0.3
      domutils: 3.1.0

  cheerio@1.0.0:
    dependencies:
      cheerio-select: 2.1.0
      dom-serializer: 2.0.0
      domhandler: 5.0.3
      domutils: 3.1.0
      encoding-sniffer: 0.2.0
      htmlparser2: 9.1.0
      parse5: 7.2.1
      parse5-htmlparser2-tree-adapter: 7.1.0
      parse5-parser-stream: 7.1.2
      undici: 6.19.8
      whatwg-mimetype: 4.0.0

  cliui@8.0.1:
    dependencies:
      string-width: 4.2.3
      strip-ansi: 6.0.1
      wrap-ansi: 7.0.0

  color-convert@2.0.1:
    dependencies:
      color-name: 1.1.4

  color-name@1.1.4: {}

  combined-stream@1.0.8:
    dependencies:
      delayed-stream: 1.0.0

  cron-parser@4.9.0:
    dependencies:
      luxon: 3.5.0

  css-select@5.1.0:
    dependencies:
      boolbase: 1.0.0
      css-what: 6.1.0
      domhandler: 5.0.3
      domutils: 3.1.0
      nth-check: 2.1.1

  css-what@6.1.0: {}

  delayed-stream@1.0.0: {}

  discord-api-types@0.37.100: {}

  discord-api-types@0.37.83: {}

  discord-api-types@0.37.97: {}

  discord.js@14.16.3:
    dependencies:
      '@discordjs/builders': 1.9.0
      '@discordjs/collection': 1.5.3
      '@discordjs/formatters': 0.5.0
      '@discordjs/rest': 2.4.0
      '@discordjs/util': 1.1.1
      '@discordjs/ws': 1.1.1
      '@sapphire/snowflake': 3.5.3
      discord-api-types: 0.37.100
      fast-deep-equal: 3.1.3
      lodash.snakecase: 4.1.1
      tslib: 2.8.1
      undici: 6.19.8
    transitivePeerDependencies:
      - bufferutil
      - utf-8-validate

  dom-serializer@2.0.0:
    dependencies:
      domelementtype: 2.3.0
      domhandler: 5.0.3
      entities: 4.5.0

  domelementtype@2.3.0: {}

  domhandler@5.0.3:
    dependencies:
      domelementtype: 2.3.0

  domutils@3.1.0:
    dependencies:
      dom-serializer: 2.0.0
      domelementtype: 2.3.0
      domhandler: 5.0.3

  dotenv@16.4.5: {}

  emoji-regex@8.0.0: {}

  encoding-sniffer@0.2.0:
    dependencies:
      iconv-lite: 0.6.3
      whatwg-encoding: 3.1.1

  entities@4.5.0: {}

  escalade@3.2.0: {}

  fast-deep-equal@3.1.3: {}

  faye-websocket@0.11.4:
    dependencies:
      websocket-driver: 0.7.4

  firebase@11.0.2:
    dependencies:
      '@firebase/analytics': 0.10.10(@firebase/app@0.10.16)
      '@firebase/analytics-compat': 0.2.16(@firebase/app-compat@0.2.46)(@firebase/app@0.10.16)
      '@firebase/app': 0.10.16
      '@firebase/app-check': 0.8.10(@firebase/app@0.10.16)
      '@firebase/app-check-compat': 0.3.17(@firebase/app-compat@0.2.46)(@firebase/app@0.10.16)
      '@firebase/app-compat': 0.2.46
      '@firebase/app-types': 0.9.3
      '@firebase/auth': 1.8.1(@firebase/app@0.10.16)
      '@firebase/auth-compat': 0.5.16(@firebase/app-compat@0.2.46)(@firebase/app-types@0.9.3)(@firebase/app@0.10.16)
      '@firebase/data-connect': 0.1.2(@firebase/app@0.10.16)
      '@firebase/database': 1.0.10
      '@firebase/database-compat': 2.0.1
      '@firebase/firestore': 4.7.5(@firebase/app@0.10.16)
      '@firebase/firestore-compat': 0.3.40(@firebase/app-compat@0.2.46)(@firebase/app-types@0.9.3)(@firebase/app@0.10.16)
      '@firebase/functions': 0.11.10(@firebase/app@0.10.16)
      '@firebase/functions-compat': 0.3.16(@firebase/app-compat@0.2.46)(@firebase/app@0.10.16)
      '@firebase/installations': 0.6.11(@firebase/app@0.10.16)
      '@firebase/installations-compat': 0.2.11(@firebase/app-compat@0.2.46)(@firebase/app-types@0.9.3)(@firebase/app@0.10.16)
      '@firebase/messaging': 0.12.14(@firebase/app@0.10.16)
      '@firebase/messaging-compat': 0.2.14(@firebase/app-compat@0.2.46)(@firebase/app@0.10.16)
      '@firebase/performance': 0.6.11(@firebase/app@0.10.16)
      '@firebase/performance-compat': 0.2.11(@firebase/app-compat@0.2.46)(@firebase/app@0.10.16)
      '@firebase/remote-config': 0.4.11(@firebase/app@0.10.16)
      '@firebase/remote-config-compat': 0.2.11(@firebase/app-compat@0.2.46)(@firebase/app@0.10.16)
      '@firebase/storage': 0.13.4(@firebase/app@0.10.16)
      '@firebase/storage-compat': 0.3.14(@firebase/app-compat@0.2.46)(@firebase/app-types@0.9.3)(@firebase/app@0.10.16)
      '@firebase/util': 1.10.2
      '@firebase/vertexai': 1.0.1(@firebase/app-types@0.9.3)(@firebase/app@0.10.16)
    transitivePeerDependencies:
      - '@react-native-async-storage/async-storage'

  follow-redirects@1.15.9: {}

  form-data@4.0.1:
    dependencies:
      asynckit: 0.4.0
      combined-stream: 1.0.8
      mime-types: 2.1.35

  get-caller-file@2.0.5: {}

  htmlparser2@9.1.0:
    dependencies:
      domelementtype: 2.3.0
      domhandler: 5.0.3
      domutils: 3.1.0
      entities: 4.5.0

  http-parser-js@0.5.8: {}

  iconv-lite@0.6.3:
    dependencies:
      safer-buffer: 2.1.2

  idb@7.1.1: {}

  is-fullwidth-code-point@3.0.0: {}

  lodash.camelcase@4.3.0: {}

  lodash.snakecase@4.1.1: {}

  lodash@4.17.21: {}

  long-timeout@0.1.1: {}

  long@5.2.3: {}

  luxon@3.5.0: {}

  magic-bytes.js@1.10.0: {}

  mime-db@1.52.0: {}

  mime-types@2.1.35:
    dependencies:
      mime-db: 1.52.0

  node-schedule@2.1.1:
    dependencies:
      cron-parser: 4.9.0
      long-timeout: 0.1.1
      sorted-array-functions: 1.3.0

  nth-check@2.1.1:
    dependencies:
      boolbase: 1.0.0

  parse5-htmlparser2-tree-adapter@7.1.0:
    dependencies:
      domhandler: 5.0.3
      parse5: 7.2.1

  parse5-parser-stream@7.1.2:
    dependencies:
      parse5: 7.2.1

  parse5@7.2.1:
    dependencies:
      entities: 4.5.0

  protobufjs@7.4.0:
    dependencies:
      '@protobufjs/aspromise': 1.1.2
      '@protobufjs/base64': 1.1.2
      '@protobufjs/codegen': 2.0.4
      '@protobufjs/eventemitter': 1.1.0
      '@protobufjs/fetch': 1.1.0
      '@protobufjs/float': 1.0.2
      '@protobufjs/inquire': 1.1.0
      '@protobufjs/path': 1.1.2
      '@protobufjs/pool': 1.1.0
      '@protobufjs/utf8': 1.1.0
      '@types/node': 22.10.0
      long: 5.2.3

  proxy-from-env@1.1.0: {}

  require-directory@2.1.1: {}

  safe-buffer@5.2.1: {}

  safer-buffer@2.1.2: {}

  sorted-array-functions@1.3.0: {}

  string-width@4.2.3:
    dependencies:
      emoji-regex: 8.0.0
      is-fullwidth-code-point: 3.0.0
      strip-ansi: 6.0.1

  strip-ansi@6.0.1:
    dependencies:
      ansi-regex: 5.0.1

  ts-mixer@6.0.4: {}

  tslib@2.8.1: {}

  undici-types@6.20.0: {}

  undici@6.19.8: {}

  websocket-driver@0.7.4:
    dependencies:
      http-parser-js: 0.5.8
      safe-buffer: 5.2.1
      websocket-extensions: 0.1.4

  websocket-extensions@0.1.4: {}

  whatwg-encoding@3.1.1:
    dependencies:
      iconv-lite: 0.6.3

  whatwg-mimetype@4.0.0: {}

  wrap-ansi@7.0.0:
    dependencies:
      ansi-styles: 4.3.0
      string-width: 4.2.3
      strip-ansi: 6.0.1

  ws@8.18.0: {}

  y18n@5.0.8: {}

  yargs-parser@21.1.1: {}

  yargs@17.7.2:
    dependencies:
      cliui: 8.0.1
      escalade: 3.2.0
      get-caller-file: 2.0.5
      require-directory: 2.1.1
      string-width: 4.2.3
      y18n: 5.0.8
      yargs-parser: 21.1.1
